
Microsoft Visual Studio Solution File, Format Version 12.00
# Visual Studio Version 16
VisualStudioVersion = 16.0.30128.74
MinimumVisualStudioVersion = 10.0.40219.1
Project("{FAE04EC0-301F-11D3-BF4B-00C04F79EFBC}") = "Barcode1", "Barcode1\Barcode1.csproj", "{A191B0B5-3007-4E33-850B-A48EEF763680}"
EndProject
Global
	GlobalSection(SolutionConfigurationPlatforms) = preSolution
		Debug|Any CPU = Debug|Any CPU
		Release|Any CPU = Release|Any CPU
	EndGlobalSection
	GlobalSection(ProjectConfigurationPlatforms) = postSolution
		{A191B0B5-3007-4E33-850B-A48EEF763680}.Debug|Any CPU.ActiveCfg = Debug|Any CPU
		{A191B0B5-3007-4E33-850B-A48EEF763680}.Debug|Any CPU.Build.0 = Debug|Any CPU
		{A191B0B5-3007-4E33-850B-A48EEF763680}.Release|Any CPU.ActiveCfg = Release|Any CPU
		{A191B0B5-3007-4E33-850B-A48EEF763680}.Release|Any CPU.Build.0 = Release|Any CPU
	EndGlobalSection
	GlobalSection(SolutionProperties) = preSolution
		HideSolutionNode = FALSE
	EndGlobalSection
	GlobalSection(ExtensibilityGlobals) = postSolution
		SolutionGuid = {D01991E8-F640-4F2F-8418-682F20B6E082}
	EndGlobalSection
EndGlobal
